
Microsoft Visual Studio Solution File, Format Version 12.00
# Visual Studio Version 16
VisualStudioVersion = 16.0.29009.5
MinimumVisualStudioVersion = 10.0.40219.1
Project("{FAE04EC0-301F-11D3-BF4B-00C04F79EFBC}") = "FizzBuzz", "FizzBuzz\FizzBuzz.csproj", "{34C03203-EACF-463B-AF8C-B049B2E92A14}"
EndProject
Project("{FAE04EC0-301F-11D3-BF4B-00C04F79EFBC}") = "ChessBoard", "ChessBoard\ChessBoard.csproj", "{C672E907-C8D7-4A74-8209-2FA233E7D7BF}"
EndProject
Project("{FAE04EC0-301F-11D3-BF4B-00C04F79EFBC}") = "ConvertNumberBase", "ConvertNumberBase\ConvertNumberBase.csproj", "{388B94EA-EBF1-435E-A002-DF3F83A7B888}"
EndProject
Global
	GlobalSection(SolutionConfigurationPlatforms) = preSolution
		Debug|Any CPU = Debug|Any CPU
		Release|Any CPU = Release|Any CPU
	EndGlobalSection
	GlobalSection(ProjectConfigurationPlatforms) = postSolution
		{34C03203-EACF-463B-AF8C-B049B2E92A14}.Debug|Any CPU.ActiveCfg = Debug|Any CPU
		{34C03203-EACF-463B-AF8C-B049B2E92A14}.Debug|Any CPU.Build.0 = Debug|Any CPU
		{34C03203-EACF-463B-AF8C-B049B2E92A14}.Release|Any CPU.ActiveCfg = Release|Any CPU
		{34C03203-EACF-463B-AF8C-B049B2E92A14}.Release|Any CPU.Build.0 = Release|Any CPU
		{C672E907-C8D7-4A74-8209-2FA233E7D7BF}.Debug|Any CPU.ActiveCfg = Debug|Any CPU
		{C672E907-C8D7-4A74-8209-2FA233E7D7BF}.Debug|Any CPU.Build.0 = Debug|Any CPU
		{C672E907-C8D7-4A74-8209-2FA233E7D7BF}.Release|Any CPU.ActiveCfg = Release|Any CPU
		{C672E907-C8D7-4A74-8209-2FA233E7D7BF}.Release|Any CPU.Build.0 = Release|Any CPU
		{388B94EA-EBF1-435E-A002-DF3F83A7B888}.Debug|Any CPU.ActiveCfg = Debug|Any CPU
		{388B94EA-EBF1-435E-A002-DF3F83A7B888}.Debug|Any CPU.Build.0 = Debug|Any CPU
		{388B94EA-EBF1-435E-A002-DF3F83A7B888}.Release|Any CPU.ActiveCfg = Release|Any CPU
		{388B94EA-EBF1-435E-A002-DF3F83A7B888}.Release|Any CPU.Build.0 = Release|Any CPU
	EndGlobalSection
	GlobalSection(SolutionProperties) = preSolution
		HideSolutionNode = FALSE
	EndGlobalSection
	GlobalSection(ExtensibilityGlobals) = postSolution
		SolutionGuid = {064D8C1E-8116-49EB-90DB-D894A966256B}
	EndGlobalSection
EndGlobal
